{
  "name": "nodejsbasic",
  "version": "1.0.0",
  "lockfileVersion": 2,
  "requires": true,
  "packages": {
    "": {
      "name": "nodejsbasic",
      "version": "1.0.0",
      "license": "ISC",
      "dependencies": {
        "countries-list": "^2.5.6",
        "querystring": "^0.2.0",
        "url": "^0.11.0"
      }
    },
    "node_modules/countries-list": {
      "version": "2.5.6",
      "resolved": "https://registry.npmjs.org/countries-list/-/countries-list-2.5.6.tgz",
      "integrity": "sha512-IEt6KCIzexbR1pTvSJakKCKbqlmHKkEO4oYHN6UCiNToUdN/zXy/1NxiUfZ3ktS0QO/UryCJGPoLkLdYsrAzNw=="
    },
    "node_modules/punycode": {
      "version": "1.3.2",
      "resolved": "https://registry.npmjs.org/punycode/-/punycode-1.3.2.tgz",
      "integrity": "sha1-llOgNvt8HuQjQvIyXM7v6jkmxI0="
    },
    "node_modules/querystring": {
      "version": "0.2.0",
      "resolved": "https://registry.npmjs.org/querystring/-/querystring-0.2.0.tgz",
      "integrity": "sha1-sgmEkgO7Jd+CDadW50cAWHhSFiA=",
      "engines": {
        "node": ">=0.4.x"
      }
    },
    "node_modules/url": {
      "version": "0.11.0",
      "resolved": "https://registry.npmjs.org/url/-/url-0.11.0.tgz",
      "integrity": "sha1-ODjpfPxgUh63PFJajlW/3Z4uKPE=",
      "dependencies": {
        "punycode": "1.3.2",
        "querystring": "0.2.0"
      }
    }
  },
  "dependencies": {
    "countries-list": {
      "version": "2.5.6",
      "resolved": "https://registry.npmjs.org/countries-list/-/countries-list-2.5.6.tgz",
      "integrity": "sha512-IEt6KCIzexbR1pTvSJakKCKbqlmHKkEO4oYHN6UCiNToUdN/zXy/1NxiUfZ3ktS0QO/UryCJGPoLkLdYsrAzNw=="
    },
    "punycode": {
      "version": "1.3.2",
      "resolved": "https://registry.npmjs.org/punycode/-/punycode-1.3.2.tgz",
      "integrity": "sha1-llOgNvt8HuQjQvIyXM7v6jkmxI0="
    },
    "querystring": {
      "version": "0.2.0",
      "resolved": "https://registry.npmjs.org/querystring/-/querystring-0.2.0.tgz",
      "integrity": "sha1-sgmEkgO7Jd+CDadW50cAWHhSFiA="
    },
    "url": {
      "version": "0.11.0",
      "resolved": "https://registry.npmjs.org/url/-/url-0.11.0.tgz",
      "integrity": "sha1-ODjpfPxgUh63PFJajlW/3Z4uKPE=",
      "requires": {
        "punycode": "1.3.2",
        "querystring": "0.2.0"
      }
    }
  }
}
